
Microsoft Visual Studio Solution File, Format Version 12.00
# Visual Studio Version 17
VisualStudioVersion = 17.3.32901.215
MinimumVisualStudioVersion = 10.0.40219.1
Project("{9A19103F-16F7-4668-BE54-9A1E7A4F7556}") = "Linq2Ldap.Core.Tests", "Linq2Ldap.Core.Tests\Linq2Ldap.Core.Tests.csproj", "{F0D140D2-A28F-46F5-96F2-FB5E69C5EED4}"
EndProject
Project("{9A19103F-16F7-4668-BE54-9A1E7A4F7556}") = "Linq2Ldap.Core", "Linq2Ldap.Core\Linq2Ldap.Core.csproj", "{D9677068-6239-4CBB-ABE1-45181A4705B5}"
EndProject
Project("{2150E333-8FDC-42A3-9474-1A3956D46DE8}") = "Solution Items", "Solution Items", "{A6B80FC1-0D29-4973-A783-26E3421D03CE}"
	ProjectSection(SolutionItems) = preProject
		.travis.yml = .travis.yml
		appveyor.yml = appveyor.yml
		changelog.md = changelog.md
		code_of_conduct.md = code_of_conduct.md
		coverlet.runsettings = coverlet.runsettings
		readme.md = readme.md
	EndProjectSection
EndProject
Project("{9A19103F-16F7-4668-BE54-9A1E7A4F7556}") = "Linq2Ldap.Core.IntegrationTest", "Linq2Ldap.Core.IntegrationTest\Linq2Ldap.Core.IntegrationTest.csproj", "{89E40006-2B95-4001-9D54-56781AEE8C7C}"
EndProject
Global
	GlobalSection(SolutionConfigurationPlatforms) = preSolution
		Debug|Any CPU = Debug|Any CPU
		Release|Any CPU = Release|Any CPU
	EndGlobalSection
	GlobalSection(ProjectConfigurationPlatforms) = postSolution
		{F0D140D2-A28F-46F5-96F2-FB5E69C5EED4}.Debug|Any CPU.ActiveCfg = Debug|Any CPU
		{F0D140D2-A28F-46F5-96F2-FB5E69C5EED4}.Debug|Any CPU.Build.0 = Debug|Any CPU
		{F0D140D2-A28F-46F5-96F2-FB5E69C5EED4}.Release|Any CPU.ActiveCfg = Release|Any CPU
		{F0D140D2-A28F-46F5-96F2-FB5E69C5EED4}.Release|Any CPU.Build.0 = Release|Any CPU
		{D9677068-6239-4CBB-ABE1-45181A4705B5}.Debug|Any CPU.ActiveCfg = Debug|Any CPU
		{D9677068-6239-4CBB-ABE1-45181A4705B5}.Debug|Any CPU.Build.0 = Debug|Any CPU
		{D9677068-6239-4CBB-ABE1-45181A4705B5}.Release|Any CPU.ActiveCfg = Release|Any CPU
		{D9677068-6239-4CBB-ABE1-45181A4705B5}.Release|Any CPU.Build.0 = Release|Any CPU
		{89E40006-2B95-4001-9D54-56781AEE8C7C}.Debug|Any CPU.ActiveCfg = Debug|Any CPU
		{89E40006-2B95-4001-9D54-56781AEE8C7C}.Debug|Any CPU.Build.0 = Debug|Any CPU
		{89E40006-2B95-4001-9D54-56781AEE8C7C}.Release|Any CPU.ActiveCfg = Release|Any CPU
		{89E40006-2B95-4001-9D54-56781AEE8C7C}.Release|Any CPU.Build.0 = Release|Any CPU
	EndGlobalSection
	GlobalSection(SolutionProperties) = preSolution
		HideSolutionNode = FALSE
	EndGlobalSection
	GlobalSection(ExtensibilityGlobals) = postSolution
		SolutionGuid = {f442eb30-35af-445f-9457-0041e057c1b3}
	EndGlobalSection
EndGlobal
