
Microsoft Visual Studio Solution File, Format Version 12.00
# Visual Studio 15
VisualStudioVersion = 15.0.28010.2041
MinimumVisualStudioVersion = 10.0.40219.1
Project("{9A19103F-16F7-4668-BE54-9A1E7A4F7556}") = "Linq2Ldap.Core.Tests", "Linq2Ldap.Core.Tests\Linq2Ldap.Core.Tests.csproj", "{F0D140D2-A28F-46F5-96F2-FB5E69C5EED4}"
EndProject
Project("{9A19103F-16F7-4668-BE54-9A1E7A4F7556}") = "Linq2Ldap.Core", "Linq2Ldap.Core\Linq2Ldap.Core.csproj", "{D9677068-6239-4CBB-ABE1-45181A4705B5}"
EndProject
Global
	GlobalSection(SolutionConfigurationPlatforms) = preSolution
		Debug|Any CPU = Debug|Any CPU
		Release|Any CPU = Release|Any CPU
	EndGlobalSection
	GlobalSection(ProjectConfigurationPlatforms) = postSolution
		{F0D140D2-A28F-46F5-96F2-FB5E69C5EED4}.Debug|Any CPU.ActiveCfg = Debug|Any CPU
		{F0D140D2-A28F-46F5-96F2-FB5E69C5EED4}.Debug|Any CPU.Build.0 = Debug|Any CPU
		{F0D140D2-A28F-46F5-96F2-FB5E69C5EED4}.Release|Any CPU.ActiveCfg = Release|Any CPU
		{F0D140D2-A28F-46F5-96F2-FB5E69C5EED4}.Release|Any CPU.Build.0 = Release|Any CPU
		{D9677068-6239-4CBB-ABE1-45181A4705B5}.Debug|Any CPU.ActiveCfg = Debug|Any CPU
		{D9677068-6239-4CBB-ABE1-45181A4705B5}.Debug|Any CPU.Build.0 = Debug|Any CPU
		{D9677068-6239-4CBB-ABE1-45181A4705B5}.Release|Any CPU.ActiveCfg = Release|Any CPU
		{D9677068-6239-4CBB-ABE1-45181A4705B5}.Release|Any CPU.Build.0 = Release|Any CPU
	EndGlobalSection
	GlobalSection(SolutionProperties) = preSolution
		HideSolutionNode = FALSE
	EndGlobalSection
	GlobalSection(ExtensibilityGlobals) = postSolution
		SolutionGuid = {f442eb30-35af-445f-9457-0041e057c1b3}
	EndGlobalSection
EndGlobal
